
Microsoft Visual Studio Solution File, Format Version 12.00
# Visual Studio Version 17
VisualStudioVersion = 17.9.34622.214
MinimumVisualStudioVersion = 10.0.40219.1
Project("{FAE04EC0-301F-11D3-BF4B-00C04F79EFBC}") = "CRM Integration service", "CRM Integration service\CRM Integration service.csproj", "{4BAB9B85-A6E1-413B-B468-4DBF7BA2B462}"
EndProject
Global
	GlobalSection(SolutionConfigurationPlatforms) = preSolution
		Debug|Any CPU = Debug|Any CPU
		Release|Any CPU = Release|Any CPU
	EndGlobalSection
	GlobalSection(ProjectConfigurationPlatforms) = postSolution
		{4BAB9B85-A6E1-413B-B468-4DBF7BA2B462}.Debug|Any CPU.ActiveCfg = Debug|Any CPU
		{4BAB9B85-A6E1-413B-B468-4DBF7BA2B462}.Debug|Any CPU.Build.0 = Debug|Any CPU
		{4BAB9B85-A6E1-413B-B468-4DBF7BA2B462}.Release|Any CPU.ActiveCfg = Release|Any CPU
		{4BAB9B85-A6E1-413B-B468-4DBF7BA2B462}.Release|Any CPU.Build.0 = Release|Any CPU
	EndGlobalSection
	GlobalSection(SolutionProperties) = preSolution
		HideSolutionNode = FALSE
	EndGlobalSection
	GlobalSection(ExtensibilityGlobals) = postSolution
		SolutionGuid = {1B09B934-002B-4512-A0EB-1900EFA8AAF5}
	EndGlobalSection
EndGlobal
